
Microsoft Visual Studio Solution File, Format Version 12.00
# Visual Studio Version 17
VisualStudioVersion = 17.0.31903.59
MinimumVisualStudioVersion = 10.0.40219.1
Project("{2150E333-8FDC-42A3-9474-1A3956D46DE8}") = "src", "src", "{827E0CD3-B72D-47B6-A68D-7590B98EB39B}"
EndProject
Project("{FAE04EC0-301F-11D3-BF4B-00C04F79EFBC}") = "Ecommerce.Shared", "src\Ecommerce.Shared\Ecommerce.Shared.csproj", "{5A328B21-B5E3-41F1-9655-21CC3E0592BF}"
EndProject
Project("{FAE04EC0-301F-11D3-BF4B-00C04F79EFBC}") = "ApiGateway", "src\ApiGateway\ApiGateway.csproj", "{4692B8B1-46C9-4124-910E-1CA1B13C039A}"
EndProject
Project("{FAE04EC0-301F-11D3-BF4B-00C04F79EFBC}") = "Ecommerce.Vendas", "src\Ecommerce.Vendas\Ecommerce.Vendas.csproj", "{6D31D24B-3106-45CB-8CA9-044BF2FE9CE4}"
EndProject
Project("{FAE04EC0-301F-11D3-BF4B-00C04F79EFBC}") = "Ecommerce.Estoque", "src\Ecommerce.Estoque\Ecommerce.Estoque.csproj", "{9540EE7C-96E5-4238-BC88-A9881924A80B}"
EndProject
Global
	GlobalSection(SolutionConfigurationPlatforms) = preSolution
		Debug|Any CPU = Debug|Any CPU
		Debug|x64 = Debug|x64
		Debug|x86 = Debug|x86
		Release|Any CPU = Release|Any CPU
		Release|x64 = Release|x64
		Release|x86 = Release|x86
	EndGlobalSection
	GlobalSection(ProjectConfigurationPlatforms) = postSolution
		{5A328B21-B5E3-41F1-9655-21CC3E0592BF}.Debug|Any CPU.ActiveCfg = Debug|Any CPU
		{5A328B21-B5E3-41F1-9655-21CC3E0592BF}.Debug|Any CPU.Build.0 = Debug|Any CPU
		{5A328B21-B5E3-41F1-9655-21CC3E0592BF}.Debug|x64.ActiveCfg = Debug|Any CPU
		{5A328B21-B5E3-41F1-9655-21CC3E0592BF}.Debug|x64.Build.0 = Debug|Any CPU
		{5A328B21-B5E3-41F1-9655-21CC3E0592BF}.Debug|x86.ActiveCfg = Debug|Any CPU
		{5A328B21-B5E3-41F1-9655-21CC3E0592BF}.Debug|x86.Build.0 = Debug|Any CPU
		{5A328B21-B5E3-41F1-9655-21CC3E0592BF}.Release|Any CPU.ActiveCfg = Release|Any CPU
		{5A328B21-B5E3-41F1-9655-21CC3E0592BF}.Release|Any CPU.Build.0 = Release|Any CPU
		{5A328B21-B5E3-41F1-9655-21CC3E0592BF}.Release|x64.ActiveCfg = Release|Any CPU
		{5A328B21-B5E3-41F1-9655-21CC3E0592BF}.Release|x64.Build.0 = Release|Any CPU
		{5A328B21-B5E3-41F1-9655-21CC3E0592BF}.Release|x86.ActiveCfg = Release|Any CPU
		{5A328B21-B5E3-41F1-9655-21CC3E0592BF}.Release|x86.Build.0 = Release|Any CPU
		{4692B8B1-46C9-4124-910E-1CA1B13C039A}.Debug|Any CPU.ActiveCfg = Debug|Any CPU
		{4692B8B1-46C9-4124-910E-1CA1B13C039A}.Debug|Any CPU.Build.0 = Debug|Any CPU
		{4692B8B1-46C9-4124-910E-1CA1B13C039A}.Debug|x64.ActiveCfg = Debug|Any CPU
		{4692B8B1-46C9-4124-910E-1CA1B13C039A}.Debug|x64.Build.0 = Debug|Any CPU
		{4692B8B1-46C9-4124-910E-1CA1B13C039A}.Debug|x86.ActiveCfg = Debug|Any CPU
		{4692B8B1-46C9-4124-910E-1CA1B13C039A}.Debug|x86.Build.0 = Debug|Any CPU
		{4692B8B1-46C9-4124-910E-1CA1B13C039A}.Release|Any CPU.ActiveCfg = Release|Any CPU
		{4692B8B1-46C9-4124-910E-1CA1B13C039A}.Release|Any CPU.Build.0 = Release|Any CPU
		{4692B8B1-46C9-4124-910E-1CA1B13C039A}.Release|x64.ActiveCfg = Release|Any CPU
		{4692B8B1-46C9-4124-910E-1CA1B13C039A}.Release|x64.Build.0 = Release|Any CPU
		{4692B8B1-46C9-4124-910E-1CA1B13C039A}.Release|x86.ActiveCfg = Release|Any CPU
		{4692B8B1-46C9-4124-910E-1CA1B13C039A}.Release|x86.Build.0 = Release|Any CPU
		{6D31D24B-3106-45CB-8CA9-044BF2FE9CE4}.Debug|Any CPU.ActiveCfg = Debug|Any CPU
		{6D31D24B-3106-45CB-8CA9-044BF2FE9CE4}.Debug|Any CPU.Build.0 = Debug|Any CPU
		{6D31D24B-3106-45CB-8CA9-044BF2FE9CE4}.Debug|x64.ActiveCfg = Debug|Any CPU
		{6D31D24B-3106-45CB-8CA9-044BF2FE9CE4}.Debug|x64.Build.0 = Debug|Any CPU
		{6D31D24B-3106-45CB-8CA9-044BF2FE9CE4}.Debug|x86.ActiveCfg = Debug|Any CPU
		{6D31D24B-3106-45CB-8CA9-044BF2FE9CE4}.Debug|x86.Build.0 = Debug|Any CPU
		{6D31D24B-3106-45CB-8CA9-044BF2FE9CE4}.Release|Any CPU.ActiveCfg = Release|Any CPU
		{6D31D24B-3106-45CB-8CA9-044BF2FE9CE4}.Release|Any CPU.Build.0 = Release|Any CPU
		{6D31D24B-3106-45CB-8CA9-044BF2FE9CE4}.Release|x64.ActiveCfg = Release|Any CPU
		{6D31D24B-3106-45CB-8CA9-044BF2FE9CE4}.Release|x64.Build.0 = Release|Any CPU
		{6D31D24B-3106-45CB-8CA9-044BF2FE9CE4}.Release|x86.ActiveCfg = Release|Any CPU
		{6D31D24B-3106-45CB-8CA9-044BF2FE9CE4}.Release|x86.Build.0 = Release|Any CPU
		{9540EE7C-96E5-4238-BC88-A9881924A80B}.Debug|Any CPU.ActiveCfg = Debug|Any CPU
		{9540EE7C-96E5-4238-BC88-A9881924A80B}.Debug|Any CPU.Build.0 = Debug|Any CPU
		{9540EE7C-96E5-4238-BC88-A9881924A80B}.Debug|x64.ActiveCfg = Debug|Any CPU
		{9540EE7C-96E5-4238-BC88-A9881924A80B}.Debug|x64.Build.0 = Debug|Any CPU
		{9540EE7C-96E5-4238-BC88-A9881924A80B}.Debug|x86.ActiveCfg = Debug|Any CPU
		{9540EE7C-96E5-4238-BC88-A9881924A80B}.Debug|x86.Build.0 = Debug|Any CPU
		{9540EE7C-96E5-4238-BC88-A9881924A80B}.Release|Any CPU.ActiveCfg = Release|Any CPU
		{9540EE7C-96E5-4238-BC88-A9881924A80B}.Release|Any CPU.Build.0 = Release|Any CPU
		{9540EE7C-96E5-4238-BC88-A9881924A80B}.Release|x64.ActiveCfg = Release|Any CPU
		{9540EE7C-96E5-4238-BC88-A9881924A80B}.Release|x64.Build.0 = Release|Any CPU
		{9540EE7C-96E5-4238-BC88-A9881924A80B}.Release|x86.ActiveCfg = Release|Any CPU
		{9540EE7C-96E5-4238-BC88-A9881924A80B}.Release|x86.Build.0 = Release|Any CPU
	EndGlobalSection
	GlobalSection(SolutionProperties) = preSolution
		HideSolutionNode = FALSE
	EndGlobalSection
	GlobalSection(NestedProjects) = preSolution
		{5A328B21-B5E3-41F1-9655-21CC3E0592BF} = {827E0CD3-B72D-47B6-A68D-7590B98EB39B}
		{4692B8B1-46C9-4124-910E-1CA1B13C039A} = {827E0CD3-B72D-47B6-A68D-7590B98EB39B}
		{6D31D24B-3106-45CB-8CA9-044BF2FE9CE4} = {827E0CD3-B72D-47B6-A68D-7590B98EB39B}
		{9540EE7C-96E5-4238-BC88-A9881924A80B} = {827E0CD3-B72D-47B6-A68D-7590B98EB39B}
	EndGlobalSection
EndGlobal
